// !$*UTF8*$!
{
	archiveVersion = 1;
	classes = {
	};
	objectVersion = 50;
	objects = {

/* Begin PBXBuildFile section */
		A2021D6020EB179A002CAE33 /* MasterViewController.swift in Sources */ = {isa = PBXBuildFile; fileRef = A2021D5F20EB179A002CAE33 /* MasterViewController.swift */; };
		A21FD7F320E44FA300148888 /* AppDelegate.swift in Sources */ = {isa = PBXBuildFile; fileRef = A21FD7F220E44FA300148888 /* AppDelegate.swift */; };
		A21FD7F520E44FA300148888 /* LoadingViewController.swift in Sources */ = {isa = PBXBuildFile; fileRef = A21FD7F420E44FA300148888 /* LoadingViewController.swift */; };
		A21FD7FA20E44FA400148888 /* Assets.xcassets in Resources */ = {isa = PBXBuildFile; fileRef = A21FD7F920E44FA400148888 /* Assets.xcassets */; };
		A21FD80520E4514400148888 /* AppCoordinator.swift in Sources */ = {isa = PBXBuildFile; fileRef = A21FD80420E4514400148888 /* AppCoordinator.swift */; };
		A2A5A49D20E5C47000EEDD42 /* Coordinator.swift in Sources */ = {isa = PBXBuildFile; fileRef = A2A5A49C20E5C47000EEDD42 /* Coordinator.swift */; };
		A2A5A49F20E5C70B00EEDD42 /* LaunchScreen.storyboard in Resources */ = {isa = PBXBuildFile; fileRef = A2A5A49E20E5C70B00EEDD42 /* LaunchScreen.storyboard */; };
		A2A5A4A120E5CCF200EEDD42 /* LoadingView.xib in Resources */ = {isa = PBXBuildFile; fileRef = A2A5A4A020E5CCF200EEDD42 /* LoadingView.xib */; };
/* End PBXBuildFile section */

/* Begin PBXFileReference section */
		A2021D5F20EB179A002CAE33 /* MasterViewController.swift */ = {isa = PBXFileReference; lastKnownFileType = sourcecode.swift; path = MasterViewController.swift; sourceTree = "<group>"; };
		A21FD7EF20E44FA300148888 /* CoordinateThis.app */ = {isa = PBXFileReference; explicitFileType = wrapper.application; includeInIndex = 0; path = CoordinateThis.app; sourceTree = BUILT_PRODUCTS_DIR; };
		A21FD7F220E44FA300148888 /* AppDelegate.swift */ = {isa = PBXFileReference; lastKnownFileType = sourcecode.swift; path = AppDelegate.swift; sourceTree = "<group>"; };
		A21FD7F420E44FA300148888 /* LoadingViewController.swift */ = {isa = PBXFileReference; lastKnownFileType = sourcecode.swift; path = LoadingViewController.swift; sourceTree = "<group>"; };
		A21FD7F920E44FA400148888 /* Assets.xcassets */ = {isa = PBXFileReference; lastKnownFileType = folder.assetcatalog; path = Assets.xcassets; sourceTree = "<group>"; };
		A21FD7FE20E44FA400148888 /* Info.plist */ = {isa = PBXFileReference; lastKnownFileType = text.plist.xml; path = Info.plist; sourceTree = "<group>"; };
		A21FD80420E4514400148888 /* AppCoordinator.swift */ = {isa = PBXFileReference; lastKnownFileType = sourcecode.swift; path = AppCoordinator.swift; sourceTree = "<group>"; };
		A2A5A49C20E5C47000EEDD42 /* Coordinator.swift */ = {isa = PBXFileReference; lastKnownFileType = sourcecode.swift; path = Coordinator.swift; sourceTree = "<group>"; };
		A2A5A49E20E5C70B00EEDD42 /* LaunchScreen.storyboard */ = {isa = PBXFileReference; fileEncoding = 4; lastKnownFileType = file.storyboard; path = LaunchScreen.storyboard; sourceTree = "<group>"; };
		A2A5A4A020E5CCF200EEDD42 /* LoadingView.xib */ = {isa = PBXFileReference; lastKnownFileType = file.xib; path = LoadingView.xib; sourceTree = "<group>"; };
/* End PBXFileReference section */

/* Begin PBXFrameworksBuildPhase section */
		A21FD7EC20E44FA200148888 /* Frameworks */ = {
			isa = PBXFrameworksBuildPhase;
			buildActionMask = 2147483647;
			files = (
			);
			runOnlyForDeploymentPostprocessing = 0;
		};
/* End PBXFrameworksBuildPhase section */

/* Begin PBXGroup section */
		A21FD7E620E44FA200148888 = {
			isa = PBXGroup;
			children = (
				A21FD7F120E44FA300148888 /* CoordinateThis */,
				A21FD7F020E44FA300148888 /* Products */,
			);
			sourceTree = "<group>";
		};
		A21FD7F020E44FA300148888 /* Products */ = {
			isa = PBXGroup;
			children = (
				A21FD7EF20E44FA300148888 /* CoordinateThis.app */,
			);
			name = Products;
			sourceTree = "<group>";
		};
		A21FD7F120E44FA300148888 /* CoordinateThis */ = {
			isa = PBXGroup;
			children = (
				A21FD7F220E44FA300148888 /* AppDelegate.swift */,
				A21FD80420E4514400148888 /* AppCoordinator.swift */,
				A2A5A49C20E5C47000EEDD42 /* Coordinator.swift */,
				A21FD7F420E44FA300148888 /* LoadingViewController.swift */,
				A2A5A4A020E5CCF200EEDD42 /* LoadingView.xib */,
				A2021D5F20EB179A002CAE33 /* MasterViewController.swift */,
				A21FD7F920E44FA400148888 /* Assets.xcassets */,
				A21FD7FE20E44FA400148888 /* Info.plist */,
				A2A5A49E20E5C70B00EEDD42 /* LaunchScreen.storyboard */,
			);
			path = CoordinateThis;
			sourceTree = "<group>";
		};
/* End PBXGroup section */

/* Begin PBXNativeTarget section */
		A21FD7EE20E44FA200148888 /* CoordinateThis */ = {
			isa = PBXNativeTarget;
			buildConfigurationList = A21FD80120E44FA400148888 /* Build configuration list for PBXNativeTarget "CoordinateThis" */;
			buildPhases = (
				A21FD7EB20E44FA200148888 /* Sources */,
				A21FD7EC20E44FA200148888 /* Frameworks */,
				A21FD7ED20E44FA200148888 /* Resources */,
			);
			buildRules = (
			);
			dependencies = (
			);
			name = CoordinateThis;
			productName = CoordinateThis;
			productReference = A21FD7EF20E44FA300148888 /* CoordinateThis.app */;
			productType = "com.apple.product-type.application";
		};
/* End PBXNativeTarget section */

/* Begin PBXProject section */
		A21FD7E720E44FA200148888 /* Project object */ = {
			isa = PBXProject;
			attributes = {
				LastSwiftUpdateCheck = 0940;
				LastUpgradeCheck = 0940;
				ORGANIZATIONNAME = "Brad Leege";
				TargetAttributes = {
					A21FD7EE20E44FA200148888 = {
						CreatedOnToolsVersion = 9.4.1;
					};
				};
			};
			buildConfigurationList = A21FD7EA20E44FA200148888 /* Build configuration list for PBXProject "CoordinateThis" */;
			compatibilityVersion = "Xcode 9.3";
			developmentRegion = en;
			hasScannedForEncodings = 0;
			knownRegions = (
				en,
				Base,
			);
			mainGroup = A21FD7E620E44FA200148888;
			productRefGroup = A21FD7F020E44FA300148888 /* Products */;
			projectDirPath = "";
			projectRoot = "";
			targets = (
				A21FD7EE20E44FA200148888 /* CoordinateThis */,
			);
		};
/* End PBXProject section */

/* Begin PBXResourcesBuildPhase section */
		A21FD7ED20E44FA200148888 /* Resources */ = {
			isa = PBXResourcesBuildPhase;
			buildActionMask = 2147483647;
			files = (
				A2A5A4A120E5CCF200EEDD42 /* LoadingView.xib in Resources */,
				A21FD7FA20E44FA400148888 /* Assets.xcassets in Resources */,
				A2A5A49F20E5C70B00EEDD42 /* LaunchScreen.storyboard in Resources */,
			);
			runOnlyForDeploymentPostprocessing = 0;
		};
/* End PBXResourcesBuildPhase section */

/* Begin PBXSourcesBuildPhase section */
		A21FD7EB20E44FA200148888 /* Sources */ = {
			isa = PBXSourcesBuildPhase;
			buildActionMask = 2147483647;
			files = (
				A2021D6020EB179A002CAE33 /* MasterViewController.swift in Sources */,
				A2A5A49D20E5C47000EEDD42 /* Coordinator.swift in Sources */,
				A21FD80520E4514400148888 /* AppCoordinator.swift in Sources */,
				A21FD7F520E44FA300148888 /* LoadingViewController.swift in Sources */,
				A21FD7F320E44FA300148888 /* AppDelegate.swift in Sources */,
			);
			runOnlyForDeploymentPostprocessing = 0;
		};
/* End PBXSourcesBuildPhase section */

/* Begin XCBuildConfiguration section */
		A21FD7FF20E44FA400148888 /* Debug */ = {
			isa = XCBuildConfiguration;
			buildSettings = {
				ALWAYS_SEARCH_USER_PATHS = NO;
				CLANG_ANALYZER_NONNULL = YES;
				CLANG_ANALYZER_NUMBER_OBJECT_CONVERSION = YES_AGGRESSIVE;
				CLANG_CXX_LANGUAGE_STANDARD = "gnu++14";
				CLANG_CXX_LIBRARY = "libc++";
				CLANG_ENABLE_MODULES = YES;
				CLANG_ENABLE_OBJC_ARC = YES;
				CLANG_ENABLE_OBJC_WEAK = YES;
				CLANG_WARN_BLOCK_CAPTURE_AUTORELEASING = YES;
				CLANG_WARN_BOOL_CONVERSION = YES;
				CLANG_WARN_COMMA = YES;
				CLANG_WARN_CONSTANT_CONVERSION = YES;
				CLANG_WARN_DEPRECATED_OBJC_IMPLEMENTATIONS = YES;
				CLANG_WARN_DIRECT_OBJC_ISA_USAGE = YES_ERROR;
				CLANG_WARN_DOCUMENTATION_COMMENTS = YES;
				CLANG_WARN_EMPTY_BODY = YES;
				CLANG_WARN_ENUM_CONVERSION = YES;
				CLANG_WARN_INFINITE_RECURSION = YES;
				CLANG_WARN_INT_CONVERSION = YES;
				CLANG_WARN_NON_LITERAL_NULL_CONVERSION = YES;
				CLANG_WARN_OBJC_IMPLICIT_RETAIN_SELF = YES;
				CLANG_WARN_OBJC_LITERAL_CONVERSION = YES;
				CLANG_WARN_OBJC_ROOT_CLASS = YES_ERROR;
				CLANG_WARN_RANGE_LOOP_ANALYSIS = YES;
				CLANG_WARN_STRICT_PROTOTYPES = YES;
				CLANG_WARN_SUSPICIOUS_MOVE = YES;
				CLANG_WARN_UNGUARDED_AVAILABILITY = YES_AGGRESSIVE;
				CLANG_WARN_UNREACHABLE_CODE = YES;
				CLANG_WARN__DUPLICATE_METHOD_MATCH = YES;
				CODE_SIGN_IDENTITY = "iPhone Developer";
				COPY_PHASE_STRIP = NO;
				DEBUG_INFORMATION_FORMAT = dwarf;
				ENABLE_STRICT_OBJC_MSGSEND = YES;
				ENABLE_TESTABILITY = YES;
				GCC_C_LANGUAGE_STANDARD = gnu11;
				GCC_DYNAMIC_NO_PIC = NO;
				GCC_NO_COMMON_BLOCKS = YES;
				GCC_OPTIMIZATION_LEVEL = 0;
				GCC_PREPROCESSOR_DEFINITIONS = (
					"DEBUG=1",
					"$(inherited)",
				);
				GCC_WARN_64_TO_32_BIT_CONVERSION = YES;
				GCC_WARN_ABOUT_RETURN_TYPE = YES_ERROR;
				GCC_WARN_UNDECLARED_SELECTOR = YES;
				GCC_WARN_UNINITIALIZED_AUTOS = YES_AGGRESSIVE;
				GCC_WARN_UNUSED_FUNCTION = YES;
				GCC_WARN_UNUSED_VARIABLE = YES;
				IPHONEOS_DEPLOYMENT_TARGET = 11.4;
				MTL_ENABLE_DEBUG_INFO = YES;
				ONLY_ACTIVE_ARCH = YES;
				SDKROOT = iphoneos;
				SWIFT_ACTIVE_COMPILATION_CONDITIONS = DEBUG;
				SWIFT_OPTIMIZATION_LEVEL = "-Onone";
			};
			name = Debug;
		};
		A21FD80020E44FA400148888 /* Release */ = {
			isa = XCBuildConfiguration;
			buildSettings = {
				ALWAYS_SEARCH_USER_PATHS = NO;
				CLANG_ANALYZER_NONNULL = YES;
				CLANG_ANALYZER_NUMBER_OBJECT_CONVERSION = YES_AGGRESSIVE;
				CLANG_CXX_LANGUAGE_STANDARD = "gnu++14";
				CLANG_CXX_LIBRARY = "libc++";
				CLANG_ENABLE_MODULES = YES;
				CLANG_ENABLE_OBJC_ARC = YES;
				CLANG_ENABLE_OBJC_WEAK = YES;
				CLANG_WARN_BLOCK_CAPTURE_AUTORELEASING = YES;
				CLANG_WARN_BOOL_CONVERSION = YES;
				CLANG_WARN_COMMA = YES;
				CLANG_WARN_CONSTANT_CONVERSION = YES;
				CLANG_WARN_DEPRECATED_OBJC_IMPLEMENTATIONS = YES;
				CLANG_WARN_DIRECT_OBJC_ISA_USAGE = YES_ERROR;
				CLANG_WARN_DOCUMENTATION_COMMENTS = YES;
				CLANG_WARN_EMPTY_BODY = YES;
				CLANG_WARN_ENUM_CONVERSION = YES;
				CLANG_WARN_INFINITE_RECURSION = YES;
				CLANG_WARN_INT_CONVERSION = YES;
				CLANG_WARN_NON_LITERAL_NULL_CONVERSION = YES;
				CLANG_WARN_OBJC_IMPLICIT_RETAIN_SELF = YES;
				CLANG_WARN_OBJC_LITERAL_CONVERSION = YES;
				CLANG_WARN_OBJC_ROOT_CLASS = YES_ERROR;
				CLANG_WARN_RANGE_LOOP_ANALYSIS = YES;
				CLANG_WARN_STRICT_PROTOTYPES = YES;
				CLANG_WARN_SUSPICIOUS_MOVE = YES;
				CLANG_WARN_UNGUARDED_AVAILABILITY = YES_AGGRESSIVE;
				CLANG_WARN_UNREACHABLE_CODE = YES;
				CLANG_WARN__DUPLICATE_METHOD_MATCH = YES;
				CODE_SIGN_IDENTITY = "iPhone Developer";
				COPY_PHASE_STRIP = NO;
				DEBUG_INFORMATION_FORMAT = "dwarf-with-dsym";
				ENABLE_NS_ASSERTIONS = NO;
				ENABLE_STRICT_OBJC_MSGSEND = YES;
				GCC_C_LANGUAGE_STANDARD = gnu11;
				GCC_NO_COMMON_BLOCKS = YES;
				GCC_WARN_64_TO_32_BIT_CONVERSION = YES;
				GCC_WARN_ABOUT_RETURN_TYPE = YES_ERROR;
				GCC_WARN_UNDECLARED_SELECTOR = YES;
				GCC_WARN_UNINITIALIZED_AUTOS = YES_AGGRESSIVE;
				GCC_WARN_UNUSED_FUNCTION = YES;
				GCC_WARN_UNUSED_VARIABLE = YES;
				IPHONEOS_DEPLOYMENT_TARGET = 11.4;
				MTL_ENABLE_DEBUG_INFO = NO;
				SDKROOT = iphoneos;
				SWIFT_COMPILATION_MODE = wholemodule;
				SWIFT_OPTIMIZATION_LEVEL = "-O";
				VALIDATE_PRODUCT = YES;
			};
			name = Release;
		};
		A21FD80220E44FA400148888 /* Debug */ = {
			isa = XCBuildConfiguration;
			buildSettings = {
				ASSETCATALOG_COMPILER_APPICON_NAME = AppIcon;
				CODE_SIGN_STYLE = Automatic;
				DEVELOPMENT_TEAM = 98VS3NV9WE;
				INFOPLIST_FILE = CoordinateThis/Info.plist;
				LD_RUNPATH_SEARCH_PATHS = (
					"$(inherited)",
					"@executable_path/Frameworks",
				);
				PRODUCT_BUNDLE_IDENTIFIER = io.leege.CoordinateThis;
				PRODUCT_NAME = "$(TARGET_NAME)";
				SWIFT_VERSION = 4.0;
				TARGETED_DEVICE_FAMILY = "1,2";
			};
			name = Debug;
		};
		A21FD80320E44FA400148888 /* Release */ = {
			isa = XCBuildConfiguration;
			buildSettings = {
				ASSETCATALOG_COMPILER_APPICON_NAME = AppIcon;
				CODE_SIGN_STYLE = Automatic;
				DEVELOPMENT_TEAM = 98VS3NV9WE;
				INFOPLIST_FILE = CoordinateThis/Info.plist;
				LD_RUNPATH_SEARCH_PATHS = (
					"$(inherited)",
					"@executable_path/Frameworks",
				);
				PRODUCT_BUNDLE_IDENTIFIER = io.leege.CoordinateThis;
				PRODUCT_NAME = "$(TARGET_NAME)";
				SWIFT_VERSION = 4.0;
				TARGETED_DEVICE_FAMILY = "1,2";
			};
			name = Release;
		};
/* End XCBuildConfiguration section */

/* Begin XCConfigurationList section */
		A21FD7EA20E44FA200148888 /* Build configuration list for PBXProject "CoordinateThis" */ = {
			isa = XCConfigurationList;
			buildConfigurations = (
				A21FD7FF20E44FA400148888 /* Debug */,
				A21FD80020E44FA400148888 /* Release */,
			);
			defaultConfigurationIsVisible = 0;
			defaultConfigurationName = Release;
		};
		A21FD80120E44FA400148888 /* Build configuration list for PBXNativeTarget "CoordinateThis" */ = {
			isa = XCConfigurationList;
			buildConfigurations = (
				A21FD80220E44FA400148888 /* Debug */,
				A21FD80320E44FA400148888 /* Release */,
			);
			defaultConfigurationIsVisible = 0;
			defaultConfigurationName = Release;
		};
/* End XCConfigurationList section */
	};
	rootObject = A21FD7E720E44FA200148888 /* Project object */;
}
